
Microsoft Visual Studio Solution File, Format Version 12.00
# Visual Studio 15
VisualStudioVersion = 15.0.28307.645
MinimumVisualStudioVersion = 10.0.40219.1
Project("{FAE04EC0-301F-11D3-BF4B-00C04F79EFBC}") = "WindowsFormsApp1", "WindowsFormsApp1\WindowsFormsApp1.csproj", "{E0B89114-5523-4942-BF2B-CA2F2B43B197}"
EndProject
Global
	GlobalSection(SolutionConfigurationPlatforms) = preSolution
		Debug|Any CPU = Debug|Any CPU
		Release|Any CPU = Release|Any CPU
	EndGlobalSection
	GlobalSection(ProjectConfigurationPlatforms) = postSolution
		{E0B89114-5523-4942-BF2B-CA2F2B43B197}.Debug|Any CPU.ActiveCfg = Debug|Any CPU
		{E0B89114-5523-4942-BF2B-CA2F2B43B197}.Debug|Any CPU.Build.0 = Debug|Any CPU
		{E0B89114-5523-4942-BF2B-CA2F2B43B197}.Release|Any CPU.ActiveCfg = Release|Any CPU
		{E0B89114-5523-4942-BF2B-CA2F2B43B197}.Release|Any CPU.Build.0 = Release|Any CPU
	EndGlobalSection
	GlobalSection(SolutionProperties) = preSolution
		HideSolutionNode = FALSE
	EndGlobalSection
	GlobalSection(ExtensibilityGlobals) = postSolution
		SolutionGuid = {DBF7FF8F-8559-4186-BBC1-B7203D43F40A}
	EndGlobalSection
EndGlobal
